
Microsoft Visual Studio Solution File, Format Version 12.00
# Visual Studio 15
VisualStudioVersion = 15.0.28307.757
MinimumVisualStudioVersion = 10.0.40219.1
Project("{8BC9CEB8-8B4A-11D0-8D11-00A0C91BC942}") = "Ch3_Lab2-1", "Ch3_Lab2-1\Ch3_Lab2-1.vcxproj", "{35712970-1D20-4035-91D3-32CEB00353EC}"
EndProject
Global
	GlobalSection(SolutionConfigurationPlatforms) = preSolution
		Debug|x64 = Debug|x64
		Debug|x86 = Debug|x86
		Release|x64 = Release|x64
		Release|x86 = Release|x86
	EndGlobalSection
	GlobalSection(ProjectConfigurationPlatforms) = postSolution
		{35712970-1D20-4035-91D3-32CEB00353EC}.Debug|x64.ActiveCfg = Debug|x64
		{35712970-1D20-4035-91D3-32CEB00353EC}.Debug|x64.Build.0 = Debug|x64
		{35712970-1D20-4035-91D3-32CEB00353EC}.Debug|x86.ActiveCfg = Debug|Win32
		{35712970-1D20-4035-91D3-32CEB00353EC}.Debug|x86.Build.0 = Debug|Win32
		{35712970-1D20-4035-91D3-32CEB00353EC}.Release|x64.ActiveCfg = Release|x64
		{35712970-1D20-4035-91D3-32CEB00353EC}.Release|x64.Build.0 = Release|x64
		{35712970-1D20-4035-91D3-32CEB00353EC}.Release|x86.ActiveCfg = Release|Win32
		{35712970-1D20-4035-91D3-32CEB00353EC}.Release|x86.Build.0 = Release|Win32
	EndGlobalSection
	GlobalSection(SolutionProperties) = preSolution
		HideSolutionNode = FALSE
	EndGlobalSection
	GlobalSection(ExtensibilityGlobals) = postSolution
		SolutionGuid = {E4680D69-3DA8-4EF6-95AC-975A73886CFF}
	EndGlobalSection
EndGlobal
